
Microsoft Visual Studio Solution File, Format Version 12.00
# Visual Studio Version 17
VisualStudioVersion = 17.5.2.0
MinimumVisualStudioVersion = 10.0.40219.1
Project("{2150E333-8FDC-42A3-9474-1A3956D46DE8}") = "api_gateway", "api_gateway", "{41C1AA58-E4C2-F270-94D2-CA8B7E7A8E65}"
EndProject
Project("{FAE04EC0-301F-11D3-BF4B-00C04F79EFBC}") = "ApiGateway", "api_gateway\ApiGateway.csproj", "{FFC47F5F-1B8C-4674-8E8D-93C012C9002F}"
EndProject
Project("{2150E333-8FDC-42A3-9474-1A3956D46DE8}") = "backend", "backend", "{1AE8ACA6-933B-BF2A-3671-3E2EAC007D16}"
EndProject
Project("{2150E333-8FDC-42A3-9474-1A3956D46DE8}") = "src", "src", "{0F9113EE-888A-26D2-68B0-4A7D0A2A8745}"
EndProject
Project("{2150E333-8FDC-42A3-9474-1A3956D46DE8}") = "application-service", "application-service", "{9CCD8BF0-BD07-FFAF-67F0-9686FBBB3FE6}"
EndProject
Project("{FAE04EC0-301F-11D3-BF4B-00C04F79EFBC}") = "ApplicationService", "backend\src\application-service\ApplicationService.csproj", "{7E32F9A3-B89D-4BF0-A6C8-14C07E1B9F5C}"
EndProject
Project("{2150E333-8FDC-42A3-9474-1A3956D46DE8}") = "user-service", "user-service", "{9C1F30BA-66C6-B284-3C8D-D6092F2566CB}"
EndProject
Project("{FAE04EC0-301F-11D3-BF4B-00C04F79EFBC}") = "UserService", "backend\src\user-service\UserService.csproj", "{A57EEA7F-2930-40C1-BCDC-104B7A68755F}"
EndProject
Project("{FAE04EC0-301F-11D3-BF4B-00C04F79EFBC}") = "common-protos", "backend\src\common-protos\common-protos.csproj", "{29AD22F7-7340-428D-A384-3274964FF43A}"
EndProject
Project("{2150E333-8FDC-42A3-9474-1A3956D46DE8}") = "user-content-service", "user-content-service", "{E9025C98-9C58-8724-DCC2-AE91EDD3E7B2}"
EndProject
Project("{FAE04EC0-301F-11D3-BF4B-00C04F79EFBC}") = "UserContentService", "backend\src\user-content-service\UserContentService.csproj", "{2FE52897-C97F-4C2E-B9C4-1EBF5150C28E}"
EndProject
Project("{2150E333-8FDC-42A3-9474-1A3956D46DE8}") = "workflow-service", "workflow-service", "{6BA7F85A-A5F1-24AA-A7F3-595299149726}"
EndProject
Project("{FAE04EC0-301F-11D3-BF4B-00C04F79EFBC}") = "WorkflowService", "backend\src\workflow-service\WorkflowService.csproj", "{C8822E8D-4A2D-4C36-A871-55959576E29F}"
EndProject
Project("{FAE04EC0-301F-11D3-BF4B-00C04F79EFBC}") = "job-offer-service", "backend\src\job-offer-service\job-offer-service.csproj", "{C0A43206-8B82-42DB-86C6-DE54E5933242}"
EndProject
Project("{FAE04EC0-301F-11D3-BF4B-00C04F79EFBC}") = "notification-service", "backend\src\notification-service\notification-service.csproj", "{1D70490A-EBFF-4673-B867-054D3E202452}"
EndProject
Global
	GlobalSection(SolutionConfigurationPlatforms) = preSolution
		Debug|Any CPU = Debug|Any CPU
		Debug|x64 = Debug|x64
		Debug|x86 = Debug|x86
		Release|Any CPU = Release|Any CPU
		Release|x64 = Release|x64
		Release|x86 = Release|x86
	EndGlobalSection
	GlobalSection(ProjectConfigurationPlatforms) = postSolution
		{FFC47F5F-1B8C-4674-8E8D-93C012C9002F}.Debug|Any CPU.ActiveCfg = Debug|Any CPU
		{FFC47F5F-1B8C-4674-8E8D-93C012C9002F}.Debug|Any CPU.Build.0 = Debug|Any CPU
		{FFC47F5F-1B8C-4674-8E8D-93C012C9002F}.Debug|x64.ActiveCfg = Debug|Any CPU
		{FFC47F5F-1B8C-4674-8E8D-93C012C9002F}.Debug|x64.Build.0 = Debug|Any CPU
		{FFC47F5F-1B8C-4674-8E8D-93C012C9002F}.Debug|x86.ActiveCfg = Debug|Any CPU
		{FFC47F5F-1B8C-4674-8E8D-93C012C9002F}.Debug|x86.Build.0 = Debug|Any CPU
		{FFC47F5F-1B8C-4674-8E8D-93C012C9002F}.Release|Any CPU.ActiveCfg = Release|Any CPU
		{FFC47F5F-1B8C-4674-8E8D-93C012C9002F}.Release|Any CPU.Build.0 = Release|Any CPU
		{FFC47F5F-1B8C-4674-8E8D-93C012C9002F}.Release|x64.ActiveCfg = Release|Any CPU
		{FFC47F5F-1B8C-4674-8E8D-93C012C9002F}.Release|x64.Build.0 = Release|Any CPU
		{FFC47F5F-1B8C-4674-8E8D-93C012C9002F}.Release|x86.ActiveCfg = Release|Any CPU
		{FFC47F5F-1B8C-4674-8E8D-93C012C9002F}.Release|x86.Build.0 = Release|Any CPU

		{7E32F9A3-B89D-4BF0-A6C8-14C07E1B9F5C}.Debug|Any CPU.ActiveCfg = Debug|Any CPU
		{7E32F9A3-B89D-4BF0-A6C8-14C07E1B9F5C}.Debug|Any CPU.Build.0 = Debug|Any CPU
		{7E32F9A3-B89D-4BF0-A6C8-14C07E1B9F5C}.Debug|x64.ActiveCfg = Debug|Any CPU
		{7E32F9A3-B89D-4BF0-A6C8-14C07E1B9F5C}.Debug|x64.Build.0 = Debug|Any CPU
		{7E32F9A3-B89D-4BF0-A6C8-14C07E1B9F5C}.Debug|x86.ActiveCfg = Debug|Any CPU
		{7E32F9A3-B89D-4BF0-A6C8-14C07E1B9F5C}.Debug|x86.Build.0 = Debug|Any CPU
		{7E32F9A3-B89D-4BF0-A6C8-14C07E1B9F5C}.Release|Any CPU.ActiveCfg = Release|Any CPU
		{7E32F9A3-B89D-4BF0-A6C8-14C07E1B9F5C}.Release|Any CPU.Build.0 = Release|Any CPU
		{7E32F9A3-B89D-4BF0-A6C8-14C07E1B9F5C}.Release|x64.ActiveCfg = Release|Any CPU
		{7E32F9A3-B89D-4BF0-A6C8-14C07E1B9F5C}.Release|x64.Build.0 = Release|Any CPU
		{7E32F9A3-B89D-4BF0-A6C8-14C07E1B9F5C}.Release|x86.ActiveCfg = Release|Any CPU
		{7E32F9A3-B89D-4BF0-A6C8-14C07E1B9F5C}.Release|x86.Build.0 = Release|Any CPU
		{A57EEA7F-2930-40C1-BCDC-104B7A68755F}.Debug|Any CPU.ActiveCfg = Debug|Any CPU
		{A57EEA7F-2930-40C1-BCDC-104B7A68755F}.Debug|Any CPU.Build.0 = Debug|Any CPU
		{A57EEA7F-2930-40C1-BCDC-104B7A68755F}.Debug|x64.ActiveCfg = Debug|Any CPU
		{A57EEA7F-2930-40C1-BCDC-104B7A68755F}.Debug|x64.Build.0 = Debug|Any CPU
		{A57EEA7F-2930-40C1-BCDC-104B7A68755F}.Debug|x86.ActiveCfg = Debug|Any CPU
		{A57EEA7F-2930-40C1-BCDC-104B7A68755F}.Debug|x86.Build.0 = Debug|Any CPU
		{A57EEA7F-2930-40C1-BCDC-104B7A68755F}.Release|Any CPU.ActiveCfg = Release|Any CPU
		{A57EEA7F-2930-40C1-BCDC-104B7A68755F}.Release|Any CPU.Build.0 = Release|Any CPU
		{A57EEA7F-2930-40C1-BCDC-104B7A68755F}.Release|x64.ActiveCfg = Release|Any CPU
		{A57EEA7F-2930-40C1-BCDC-104B7A68755F}.Release|x64.Build.0 = Release|Any CPU
		{A57EEA7F-2930-40C1-BCDC-104B7A68755F}.Release|x86.ActiveCfg = Release|Any CPU
		{A57EEA7F-2930-40C1-BCDC-104B7A68755F}.Release|x86.Build.0 = Release|Any CPU
		{29AD22F7-7340-428D-A384-3274964FF43A}.Debug|Any CPU.ActiveCfg = Debug|Any CPU
		{29AD22F7-7340-428D-A384-3274964FF43A}.Debug|Any CPU.Build.0 = Debug|Any CPU
		{29AD22F7-7340-428D-A384-3274964FF43A}.Debug|x64.ActiveCfg = Debug|Any CPU
		{29AD22F7-7340-428D-A384-3274964FF43A}.Debug|x64.Build.0 = Debug|Any CPU
		{29AD22F7-7340-428D-A384-3274964FF43A}.Debug|x86.ActiveCfg = Debug|Any CPU
		{29AD22F7-7340-428D-A384-3274964FF43A}.Debug|x86.Build.0 = Debug|Any CPU
		{29AD22F7-7340-428D-A384-3274964FF43A}.Release|Any CPU.ActiveCfg = Release|Any CPU
		{29AD22F7-7340-428D-A384-3274964FF43A}.Release|Any CPU.Build.0 = Release|Any CPU
		{29AD22F7-7340-428D-A384-3274964FF43A}.Release|x64.ActiveCfg = Release|Any CPU
		{29AD22F7-7340-428D-A384-3274964FF43A}.Release|x64.Build.0 = Release|Any CPU
		{29AD22F7-7340-428D-A384-3274964FF43A}.Release|x86.ActiveCfg = Release|Any CPU
		{29AD22F7-7340-428D-A384-3274964FF43A}.Release|x86.Build.0 = Release|Any CPU
		{2FE52897-C97F-4C2E-B9C4-1EBF5150C28E}.Debug|Any CPU.ActiveCfg = Debug|Any CPU
		{2FE52897-C97F-4C2E-B9C4-1EBF5150C28E}.Debug|Any CPU.Build.0 = Debug|Any CPU
		{2FE52897-C97F-4C2E-B9C4-1EBF5150C28E}.Debug|x64.ActiveCfg = Debug|Any CPU
		{2FE52897-C97F-4C2E-B9C4-1EBF5150C28E}.Debug|x64.Build.0 = Debug|Any CPU
		{2FE52897-C97F-4C2E-B9C4-1EBF5150C28E}.Debug|x86.ActiveCfg = Debug|Any CPU
		{2FE52897-C97F-4C2E-B9C4-1EBF5150C28E}.Debug|x86.Build.0 = Debug|Any CPU
		{2FE52897-C97F-4C2E-B9C4-1EBF5150C28E}.Release|Any CPU.ActiveCfg = Release|Any CPU
		{2FE52897-C97F-4C2E-B9C4-1EBF5150C28E}.Release|Any CPU.Build.0 = Release|Any CPU
		{2FE52897-C97F-4C2E-B9C4-1EBF5150C28E}.Release|x64.ActiveCfg = Release|Any CPU
		{2FE52897-C97F-4C2E-B9C4-1EBF5150C28E}.Release|x64.Build.0 = Release|Any CPU
		{2FE52897-C97F-4C2E-B9C4-1EBF5150C28E}.Release|x86.ActiveCfg = Release|Any CPU
		{2FE52897-C97F-4C2E-B9C4-1EBF5150C28E}.Release|x86.Build.0 = Release|Any CPU
		{C8822E8D-4A2D-4C36-A871-55959576E29F}.Debug|Any CPU.ActiveCfg = Debug|Any CPU
		{C8822E8D-4A2D-4C36-A871-55959576E29F}.Debug|Any CPU.Build.0 = Debug|Any CPU
		{C8822E8D-4A2D-4C36-A871-55959576E29F}.Debug|x64.ActiveCfg = Debug|Any CPU
		{C8822E8D-4A2D-4C36-A871-55959576E29F}.Debug|x64.Build.0 = Debug|Any CPU
		{C8822E8D-4A2D-4C36-A871-55959576E29F}.Debug|x86.ActiveCfg = Debug|Any CPU
		{C8822E8D-4A2D-4C36-A871-55959576E29F}.Debug|x86.Build.0 = Debug|Any CPU
		{C8822E8D-4A2D-4C36-A871-55959576E29F}.Release|Any CPU.ActiveCfg = Release|Any CPU
		{C8822E8D-4A2D-4C36-A871-55959576E29F}.Release|Any CPU.Build.0 = Release|Any CPU
		{C8822E8D-4A2D-4C36-A871-55959576E29F}.Release|x64.ActiveCfg = Release|Any CPU
		{C8822E8D-4A2D-4C36-A871-55959576E29F}.Release|x64.Build.0 = Release|Any CPU
		{C8822E8D-4A2D-4C36-A871-55959576E29F}.Release|x86.ActiveCfg = Release|Any CPU
		{C8822E8D-4A2D-4C36-A871-55959576E29F}.Release|x86.Build.0 = Release|Any CPU
		{C0A43206-8B82-42DB-86C6-DE54E5933242}.Debug|Any CPU.ActiveCfg = Debug|Any CPU
		{C0A43206-8B82-42DB-86C6-DE54E5933242}.Debug|Any CPU.Build.0 = Debug|Any CPU
		{C0A43206-8B82-42DB-86C6-DE54E5933242}.Debug|x64.ActiveCfg = Debug|Any CPU
		{C0A43206-8B82-42DB-86C6-DE54E5933242}.Debug|x64.Build.0 = Debug|Any CPU
		{C0A43206-8B82-42DB-86C6-DE54E5933242}.Debug|x86.ActiveCfg = Debug|Any CPU
		{C0A43206-8B82-42DB-86C6-DE54E5933242}.Debug|x86.Build.0 = Debug|Any CPU
		{C0A43206-8B82-42DB-86C6-DE54E5933242}.Release|Any CPU.ActiveCfg = Release|Any CPU
		{C0A43206-8B82-42DB-86C6-DE54E5933242}.Release|Any CPU.Build.0 = Release|Any CPU
		{C0A43206-8B82-42DB-86C6-DE54E5933242}.Release|x64.ActiveCfg = Release|Any CPU
		{C0A43206-8B82-42DB-86C6-DE54E5933242}.Release|x64.Build.0 = Release|Any CPU
		{C0A43206-8B82-42DB-86C6-DE54E5933242}.Release|x86.ActiveCfg = Release|Any CPU
		{C0A43206-8B82-42DB-86C6-DE54E5933242}.Release|x86.Build.0 = Release|Any CPU
		{1D70490A-EBFF-4673-B867-054D3E202452}.Debug|Any CPU.ActiveCfg = Debug|Any CPU
		{1D70490A-EBFF-4673-B867-054D3E202452}.Debug|Any CPU.Build.0 = Debug|Any CPU
		{1D70490A-EBFF-4673-B867-054D3E202452}.Debug|x64.ActiveCfg = Debug|Any CPU
		{1D70490A-EBFF-4673-B867-054D3E202452}.Debug|x64.Build.0 = Debug|Any CPU
		{1D70490A-EBFF-4673-B867-054D3E202452}.Debug|x86.ActiveCfg = Debug|Any CPU
		{1D70490A-EBFF-4673-B867-054D3E202452}.Debug|x86.Build.0 = Debug|Any CPU
		{1D70490A-EBFF-4673-B867-054D3E202452}.Release|Any CPU.ActiveCfg = Release|Any CPU
		{1D70490A-EBFF-4673-B867-054D3E202452}.Release|Any CPU.Build.0 = Release|Any CPU
		{1D70490A-EBFF-4673-B867-054D3E202452}.Release|x64.ActiveCfg = Release|Any CPU
		{1D70490A-EBFF-4673-B867-054D3E202452}.Release|x64.Build.0 = Release|Any CPU
		{1D70490A-EBFF-4673-B867-054D3E202452}.Release|x86.ActiveCfg = Release|Any CPU
		{1D70490A-EBFF-4673-B867-054D3E202452}.Release|x86.Build.0 = Release|Any CPU
	EndGlobalSection
	GlobalSection(SolutionProperties) = preSolution
		HideSolutionNode = FALSE
	EndGlobalSection
	GlobalSection(NestedProjects) = preSolution
		{FFC47F5F-1B8C-4674-8E8D-93C012C9002F} = {41C1AA58-E4C2-F270-94D2-CA8B7E7A8E65}
		{0F9113EE-888A-26D2-68B0-4A7D0A2A8745} = {1AE8ACA6-933B-BF2A-3671-3E2EAC007D16}
		{9CCD8BF0-BD07-FFAF-67F0-9686FBBB3FE6} = {0F9113EE-888A-26D2-68B0-4A7D0A2A8745}
		{7E32F9A3-B89D-4BF0-A6C8-14C07E1B9F5C} = {9CCD8BF0-BD07-FFAF-67F0-9686FBBB3FE6}
		{9C1F30BA-66C6-B284-3C8D-D6092F2566CB} = {0F9113EE-888A-26D2-68B0-4A7D0A2A8745}
		{A57EEA7F-2930-40C1-BCDC-104B7A68755F} = {9C1F30BA-66C6-B284-3C8D-D6092F2566CB}
		{29AD22F7-7340-428D-A384-3274964FF43A} = {0F9113EE-888A-26D2-68B0-4A7D0A2A8745}
		{E9025C98-9C58-8724-DCC2-AE91EDD3E7B2} = {0F9113EE-888A-26D2-68B0-4A7D0A2A8745}
		{2FE52897-C97F-4C2E-B9C4-1EBF5150C28E} = {E9025C98-9C58-8724-DCC2-AE91EDD3E7B2}
		{6BA7F85A-A5F1-24AA-A7F3-595299149726} = {0F9113EE-888A-26D2-68B0-4A7D0A2A8745}
		{C8822E8D-4A2D-4C36-A871-55959576E29F} = {6BA7F85A-A5F1-24AA-A7F3-595299149726}
		{C0A43206-8B82-42DB-86C6-DE54E5933242} = {0F9113EE-888A-26D2-68B0-4A7D0A2A8745}
		{1D70490A-EBFF-4673-B867-054D3E202452} = {0F9113EE-888A-26D2-68B0-4A7D0A2A8745}
	EndGlobalSection
	GlobalSection(ExtensibilityGlobals) = postSolution
		SolutionGuid = {BF1C820D-DDE7-4F19-A72A-990D6D6834FB}
	EndGlobalSection
EndGlobal
